
Microsoft Visual Studio Solution File, Format Version 12.00
# Visual Studio Version 17
VisualStudioVersion = 17.7.34031.279
MinimumVisualStudioVersion = 10.0.40219.1
Project("{9A19103F-16F7-4668-BE54-9A1E7A4F7556}") = "CamusDB", "CamusDB\CamusDB.csproj", "{70EA73AD-810C-4489-92B5-6E78FAFB906B}"
EndProject
Project("{9A19103F-16F7-4668-BE54-9A1E7A4F7556}") = "CamusDB.Core", "CamusDB.Core\CamusDB.Core.csproj", "{E52147E7-E09A-4599-A563-0764D7F0ADF0}"
EndProject
Project("{9A19103F-16F7-4668-BE54-9A1E7A4F7556}") = "CamusDB.Tests", "CamusDB.Tests\CamusDB.Tests.csproj", "{4881224D-F46B-4EE4-8C7C-BCF5D6BD22A2}"
EndProject
Project("{FAE04EC0-301F-11D3-BF4B-00C04F79EFBC}") = "CamusDB.Sandbox", "CamusDB.Sandbox\CamusDB.Sandbox.csproj", "{0DD1C6A2-712E-4A21-8BE9-390ED3869320}"
EndProject
Global
	GlobalSection(SolutionConfigurationPlatforms) = preSolution
		Debug|Any CPU = Debug|Any CPU
		Release|Any CPU = Release|Any CPU
	EndGlobalSection
	GlobalSection(ProjectConfigurationPlatforms) = postSolution
		{70EA73AD-810C-4489-92B5-6E78FAFB906B}.Debug|Any CPU.ActiveCfg = Debug|Any CPU
		{70EA73AD-810C-4489-92B5-6E78FAFB906B}.Debug|Any CPU.Build.0 = Debug|Any CPU
		{70EA73AD-810C-4489-92B5-6E78FAFB906B}.Release|Any CPU.ActiveCfg = Release|Any CPU
		{70EA73AD-810C-4489-92B5-6E78FAFB906B}.Release|Any CPU.Build.0 = Release|Any CPU
		{E52147E7-E09A-4599-A563-0764D7F0ADF0}.Debug|Any CPU.ActiveCfg = Debug|Any CPU
		{E52147E7-E09A-4599-A563-0764D7F0ADF0}.Debug|Any CPU.Build.0 = Debug|Any CPU
		{E52147E7-E09A-4599-A563-0764D7F0ADF0}.Release|Any CPU.ActiveCfg = Release|Any CPU
		{E52147E7-E09A-4599-A563-0764D7F0ADF0}.Release|Any CPU.Build.0 = Release|Any CPU
		{4881224D-F46B-4EE4-8C7C-BCF5D6BD22A2}.Debug|Any CPU.ActiveCfg = Debug|Any CPU
		{4881224D-F46B-4EE4-8C7C-BCF5D6BD22A2}.Debug|Any CPU.Build.0 = Debug|Any CPU
		{4881224D-F46B-4EE4-8C7C-BCF5D6BD22A2}.Release|Any CPU.ActiveCfg = Release|Any CPU
		{4881224D-F46B-4EE4-8C7C-BCF5D6BD22A2}.Release|Any CPU.Build.0 = Release|Any CPU
		{0DD1C6A2-712E-4A21-8BE9-390ED3869320}.Debug|Any CPU.ActiveCfg = Debug|Any CPU
		{0DD1C6A2-712E-4A21-8BE9-390ED3869320}.Debug|Any CPU.Build.0 = Debug|Any CPU
		{0DD1C6A2-712E-4A21-8BE9-390ED3869320}.Release|Any CPU.ActiveCfg = Release|Any CPU
		{0DD1C6A2-712E-4A21-8BE9-390ED3869320}.Release|Any CPU.Build.0 = Release|Any CPU
	EndGlobalSection
	GlobalSection(SolutionProperties) = preSolution
		HideSolutionNode = FALSE
	EndGlobalSection
	GlobalSection(ExtensibilityGlobals) = postSolution
		SolutionGuid = {3BF4ABD1-5303-48A4-AE60-F49B2E5DE972}
	EndGlobalSection
EndGlobal
